
Microsoft Visual Studio Solution File, Format Version 12.00
# Visual Studio Version 17
VisualStudioVersion = 17.14.36221.1
MinimumVisualStudioVersion = 10.0.40219.1
Project("{FAE04EC0-301F-11D3-BF4B-00C04F79EFBC}") = "MusicRecognizer", "MusicRecognizer\MusicRecognizer.csproj", "{4C3F8E68-B351-4788-891B-E57C35652DCB}"
EndProject
Project("{FAE04EC0-301F-11D3-BF4B-00C04F79EFBC}") = "MusicRecognizer.ConsoleTest", "MusicRecognizer.ConsoleTest\MusicRecognizer.ConsoleTest.csproj", "{2E6778AF-1F49-AC37-6BCF-81E504D196F3}"
EndProject
Project("{FAE04EC0-301F-11D3-BF4B-00C04F79EFBC}") = "MusicRecognizer.Test", "MusicRecognizer.Test\MusicRecognizer.Test.csproj", "{370660A3-C290-495F-8891-D77F132372EA}"
EndProject
Global
	GlobalSection(SolutionConfigurationPlatforms) = preSolution
		Debug|Any CPU = Debug|Any CPU
		Release|Any CPU = Release|Any CPU
	EndGlobalSection
	GlobalSection(ProjectConfigurationPlatforms) = postSolution
		{4C3F8E68-B351-4788-891B-E57C35652DCB}.Debug|Any CPU.ActiveCfg = Debug|Any CPU
		{4C3F8E68-B351-4788-891B-E57C35652DCB}.Debug|Any CPU.Build.0 = Debug|Any CPU
		{4C3F8E68-B351-4788-891B-E57C35652DCB}.Release|Any CPU.ActiveCfg = Release|Any CPU
		{4C3F8E68-B351-4788-891B-E57C35652DCB}.Release|Any CPU.Build.0 = Release|Any CPU
		{2E6778AF-1F49-AC37-6BCF-81E504D196F3}.Debug|Any CPU.ActiveCfg = Debug|Any CPU
		{2E6778AF-1F49-AC37-6BCF-81E504D196F3}.Debug|Any CPU.Build.0 = Debug|Any CPU
		{2E6778AF-1F49-AC37-6BCF-81E504D196F3}.Release|Any CPU.ActiveCfg = Release|Any CPU
		{2E6778AF-1F49-AC37-6BCF-81E504D196F3}.Release|Any CPU.Build.0 = Release|Any CPU
		{370660A3-C290-495F-8891-D77F132372EA}.Debug|Any CPU.ActiveCfg = Debug|Any CPU
		{370660A3-C290-495F-8891-D77F132372EA}.Debug|Any CPU.Build.0 = Debug|Any CPU
		{370660A3-C290-495F-8891-D77F132372EA}.Release|Any CPU.ActiveCfg = Release|Any CPU
		{370660A3-C290-495F-8891-D77F132372EA}.Release|Any CPU.Build.0 = Release|Any CPU
	EndGlobalSection
	GlobalSection(SolutionProperties) = preSolution
		HideSolutionNode = FALSE
	EndGlobalSection
	GlobalSection(ExtensibilityGlobals) = postSolution
		SolutionGuid = {8C995511-8613-4287-AFA5-A84177E87367}
	EndGlobalSection
EndGlobal
